
Microsoft Visual Studio Solution File, Format Version 12.00
Project("{FAE04EC0-301F-11D3-BF4B-00C04F79EFBC}") = "OOP", "OOP\OOP.csproj", "{A56E2940-7E52-464D-B80E-576C6C1DEEBB}"
EndProject
Global
	GlobalSection(SolutionConfigurationPlatforms) = preSolution
		Debug|Any CPU = Debug|Any CPU
		Release|Any CPU = Release|Any CPU
	EndGlobalSection
	GlobalSection(ProjectConfigurationPlatforms) = postSolution
		{A56E2940-7E52-464D-B80E-576C6C1DEEBB}.Debug|Any CPU.ActiveCfg = Debug|Any CPU
		{A56E2940-7E52-464D-B80E-576C6C1DEEBB}.Debug|Any CPU.Build.0 = Debug|Any CPU
		{A56E2940-7E52-464D-B80E-576C6C1DEEBB}.Release|Any CPU.ActiveCfg = Release|Any CPU
		{A56E2940-7E52-464D-B80E-576C6C1DEEBB}.Release|Any CPU.Build.0 = Release|Any CPU
	EndGlobalSection
EndGlobal
